
Microsoft Visual Studio Solution File, Format Version 12.00
# Visual Studio Version 17
VisualStudioVersion = 17.3.32804.467
MinimumVisualStudioVersion = 10.0.40219.1
Project("{2150E333-8FDC-42A3-9474-1A3956D46DE8}") = "NTech.Base.Resources", "NTech.Base.Resources", "{22891DF9-7030-41BA-A7BE-98DB5BB2A4F6}"
EndProject
Project("{2150E333-8FDC-42A3-9474-1A3956D46DE8}") = "NTech.Base.Commons", "NTech.Base.Commons", "{39AB6143-405E-42D5-878D-0BF73544F329}"
EndProject
Project("{2150E333-8FDC-42A3-9474-1A3956D46DE8}") = "NTech.Base.Wpf", "NTech.Base.Wpf", "{14B2BCEA-2AAF-4F3E-BBAF-88824008E8D5}"
EndProject
Project("{2150E333-8FDC-42A3-9474-1A3956D46DE8}") = "NTech.Wpf.Chart", "NTech.Wpf.Chart", "{1B613257-05C2-41B5-A43B-BE236D7E9297}"
EndProject
Project("{2150E333-8FDC-42A3-9474-1A3956D46DE8}") = "NTech.Project", "NTech.Project", "{4605F581-A9D7-4C7C-9C5D-3F57791945CA}"
EndProject
Project("{2150E333-8FDC-42A3-9474-1A3956D46DE8}") = "PSS_XM", "PSS_XM", "{647D202F-E687-4F37-90CB-9CA0D4E5D64A}"
EndProject
Project("{FAE04EC0-301F-11D3-BF4B-00C04F79EFBC}") = "NTech.Xm.Gate", "NTech.Project\PSS_XM\NTech.Xm.Gate\NTech.Xm.Gate.csproj", "{770562B7-C562-4ABE-94EE-CFC599E31033}"
EndProject
Project("{FAE04EC0-301F-11D3-BF4B-00C04F79EFBC}") = "NTech.Xm.Station", "NTech.Project\PSS_XM\NTech.Xm.Station\NTech.Xm.Station.csproj", "{3D076E6D-6F68-4D52-9BC0-07C6CAA6DEE0}"
EndProject
Project("{FAE04EC0-301F-11D3-BF4B-00C04F79EFBC}") = "NTech.Xm.Resources", "NTech.Project\PSS_XM\NTech.Xm.Resources\NTech.Xm.Resources.csproj", "{A2B6D5FE-095C-4351-A831-F97645E1068A}"
EndProject
Project("{FAE04EC0-301F-11D3-BF4B-00C04F79EFBC}") = "NTech.Base.Resources", "NTech.Base.Resources\NTech.Base.Resources.csproj", "{659E601E-2877-481E-AEF1-492AC4FCDE57}"
EndProject
Project("{FAE04EC0-301F-11D3-BF4B-00C04F79EFBC}") = "NTech.Xm.Database", "NTech.Project\PSS_XM\NTech.Xm.Database\NTech.Xm.Database.csproj", "{2BCA4D48-0485-466E-8ED4-73D7FE7AACDC}"
EndProject
Project("{FAE04EC0-301F-11D3-BF4B-00C04F79EFBC}") = "NTech.Xm.Commons", "NTech.Project\PSS_XM\NTech.Xm.Commons\NTech.Xm.Commons.csproj", "{15039322-897E-4AC3-83E8-FA23E4D29E4A}"
EndProject
Project("{2150E333-8FDC-42A3-9474-1A3956D46DE8}") = "NTech.Base.DataBase", "NTech.Base.DataBase", "{FE376B6C-06CD-46DD-B030-65F2E54427BF}"
EndProject
Project("{FAE04EC0-301F-11D3-BF4B-00C04F79EFBC}") = "NTech.Base.DataBase", "NTech.Base.Database\NTech.Base.DataBase.csproj", "{9A6F3429-D5B6-44DC-B6CE-27866A78D557}"
EndProject
Project("{FAE04EC0-301F-11D3-BF4B-00C04F79EFBC}") = "NTech.Base.Commons", "NTech.Base.Commons\NTech.Base.Commons.csproj", "{6C34CCDE-F596-46F9-AD17-DD4F80F6C862}"
EndProject
Project("{FAE04EC0-301F-11D3-BF4B-00C04F79EFBC}") = "NTech.Base.Wpf", "NTech.Base.Wpf\NTech.Base.Wpf.csproj", "{AFB2D69A-41DA-49E0-8A45-596B97F2C234}"
EndProject
Project("{FAE04EC0-301F-11D3-BF4B-00C04F79EFBC}") = "NTech.Xm.Report", "NTech.Project\PSS_XM\NTech.Xm.Report\NTech.Xm.Report.csproj", "{D84B68C4-4DC8-4A1C-BF73-0A155B2320FA}"
EndProject
Project("{2150E333-8FDC-42A3-9474-1A3956D46DE8}") = "NTechPro", "NTechPro", "{94A3F205-8491-4DCE-A03A-07C775469BEE}"
EndProject
Project("{9A19103F-16F7-4668-BE54-9A1E7A4F7556}") = "NTechPro.GUI", "NTechPro.GUI\NTechPro.GUI.csproj", "{D4359DB5-3769-4FD2-91F6-007ABE059541}"
EndProject
Project("{FAE04EC0-301F-11D3-BF4B-00C04F79EFBC}") = "NTech.Wpf.Control.RefractiveZoom", "NTech.Base.Wpf.Controls.RefractiveZoom\NTech.Wpf.Control.RefractiveZoom.csproj", "{98D97E89-70F3-4215-9DA2-615B237DCACC}"
EndProject
Project("{FAE04EC0-301F-11D3-BF4B-00C04F79EFBC}") = "NTech.Wpf.Modules.Common.Editor", "NTech.Wpf.Modules.Common.Editor\NTech.Wpf.Modules.Common.Editor.csproj", "{AF0557B5-95A7-49D6-A48D-62E17D11AA90}"
EndProject
Project("{FAE04EC0-301F-11D3-BF4B-00C04F79EFBC}") = "NTech.Base.Wpf.Controls.ObjectEditor", "NTech.Base.Wpf.Controls.ObjectEditor\NTech.Base.Wpf.Controls.ObjectEditor.csproj", "{13B91CFF-0A01-493A-B64B-0A33E742FCEE}"
EndProject
Project("{2150E333-8FDC-42A3-9474-1A3956D46DE8}") = "TestForm", "TestForm", "{E652BD91-A3D3-4370-ADD3-C80C7CF31BAF}"
EndProject
Project("{FAE04EC0-301F-11D3-BF4B-00C04F79EFBC}") = "NTech.Wpf.TestForm", "NTech.Project\NTech.Wpf.TestForm\NTech.Wpf.TestForm.csproj", "{081A1C38-D280-41A3-B167-5C90380EE260}"
EndProject
Project("{2150E333-8FDC-42A3-9474-1A3956D46DE8}") = "NTech.Core.Vision", "NTech.Core.Vision", "{F4E346AA-7E8A-465A-818A-B6E0F27C3975}"
EndProject
Project("{FAE04EC0-301F-11D3-BF4B-00C04F79EFBC}") = "NTech.Core.Camera", "NTech.Core.Vision\NTech.Core.Camera\NTech.Core.Camera.csproj", "{3DC1F1AC-761A-4EC9-A799-C936F41EEC50}"
EndProject
Project("{FAE04EC0-301F-11D3-BF4B-00C04F79EFBC}") = "NTech.Core.VisionTool", "NTech.Core.VisionTool\NTech.Core.VisionTool.csproj", "{6BD07010-4ECF-4630-9E71-1168586638E9}"
EndProject
Project("{FAE04EC0-301F-11D3-BF4B-00C04F79EFBC}") = "PLCCommunication", "PLCCommunication\PLCCommunication.csproj", "{A29B2076-2283-4899-8D4C-DE0A0AB113D2}"
EndProject
Global
	GlobalSection(SolutionConfigurationPlatforms) = preSolution
		Debug|Any CPU = Debug|Any CPU
		Debug|x64 = Debug|x64
		Debug|x86 = Debug|x86
		Release|Any CPU = Release|Any CPU
		Release|x64 = Release|x64
		Release|x86 = Release|x86
	EndGlobalSection
	GlobalSection(ProjectConfigurationPlatforms) = postSolution
		{770562B7-C562-4ABE-94EE-CFC599E31033}.Debug|Any CPU.ActiveCfg = Debug|Any CPU
		{770562B7-C562-4ABE-94EE-CFC599E31033}.Debug|Any CPU.Build.0 = Debug|Any CPU
		{770562B7-C562-4ABE-94EE-CFC599E31033}.Debug|x64.ActiveCfg = Debug|x64
		{770562B7-C562-4ABE-94EE-CFC599E31033}.Debug|x64.Build.0 = Debug|x64
		{770562B7-C562-4ABE-94EE-CFC599E31033}.Debug|x86.ActiveCfg = Debug|x86
		{770562B7-C562-4ABE-94EE-CFC599E31033}.Debug|x86.Build.0 = Debug|x86
		{770562B7-C562-4ABE-94EE-CFC599E31033}.Release|Any CPU.ActiveCfg = Release|Any CPU
		{770562B7-C562-4ABE-94EE-CFC599E31033}.Release|Any CPU.Build.0 = Release|Any CPU
		{770562B7-C562-4ABE-94EE-CFC599E31033}.Release|x64.ActiveCfg = Release|x64
		{770562B7-C562-4ABE-94EE-CFC599E31033}.Release|x64.Build.0 = Release|x64
		{770562B7-C562-4ABE-94EE-CFC599E31033}.Release|x86.ActiveCfg = Release|x86
		{770562B7-C562-4ABE-94EE-CFC599E31033}.Release|x86.Build.0 = Release|x86
		{3D076E6D-6F68-4D52-9BC0-07C6CAA6DEE0}.Debug|Any CPU.ActiveCfg = Debug|x86
		{3D076E6D-6F68-4D52-9BC0-07C6CAA6DEE0}.Debug|Any CPU.Build.0 = Debug|x86
		{3D076E6D-6F68-4D52-9BC0-07C6CAA6DEE0}.Debug|x64.ActiveCfg = Debug|x64
		{3D076E6D-6F68-4D52-9BC0-07C6CAA6DEE0}.Debug|x64.Build.0 = Debug|x64
		{3D076E6D-6F68-4D52-9BC0-07C6CAA6DEE0}.Debug|x86.ActiveCfg = Debug|x86
		{3D076E6D-6F68-4D52-9BC0-07C6CAA6DEE0}.Debug|x86.Build.0 = Debug|x86
		{3D076E6D-6F68-4D52-9BC0-07C6CAA6DEE0}.Release|Any CPU.ActiveCfg = Release|Any CPU
		{3D076E6D-6F68-4D52-9BC0-07C6CAA6DEE0}.Release|Any CPU.Build.0 = Release|Any CPU
		{3D076E6D-6F68-4D52-9BC0-07C6CAA6DEE0}.Release|x64.ActiveCfg = Release|x64
		{3D076E6D-6F68-4D52-9BC0-07C6CAA6DEE0}.Release|x64.Build.0 = Release|x64
		{3D076E6D-6F68-4D52-9BC0-07C6CAA6DEE0}.Release|x86.ActiveCfg = Release|x86
		{3D076E6D-6F68-4D52-9BC0-07C6CAA6DEE0}.Release|x86.Build.0 = Release|x86
		{A2B6D5FE-095C-4351-A831-F97645E1068A}.Debug|Any CPU.ActiveCfg = Debug|Any CPU
		{A2B6D5FE-095C-4351-A831-F97645E1068A}.Debug|Any CPU.Build.0 = Debug|Any CPU
		{A2B6D5FE-095C-4351-A831-F97645E1068A}.Debug|x64.ActiveCfg = Debug|Any CPU
		{A2B6D5FE-095C-4351-A831-F97645E1068A}.Debug|x64.Build.0 = Debug|Any CPU
		{A2B6D5FE-095C-4351-A831-F97645E1068A}.Debug|x86.ActiveCfg = Debug|x86
		{A2B6D5FE-095C-4351-A831-F97645E1068A}.Debug|x86.Build.0 = Debug|x86
		{A2B6D5FE-095C-4351-A831-F97645E1068A}.Release|Any CPU.ActiveCfg = Release|Any CPU
		{A2B6D5FE-095C-4351-A831-F97645E1068A}.Release|Any CPU.Build.0 = Release|Any CPU
		{A2B6D5FE-095C-4351-A831-F97645E1068A}.Release|x64.ActiveCfg = Release|Any CPU
		{A2B6D5FE-095C-4351-A831-F97645E1068A}.Release|x64.Build.0 = Release|Any CPU
		{A2B6D5FE-095C-4351-A831-F97645E1068A}.Release|x86.ActiveCfg = Release|x86
		{A2B6D5FE-095C-4351-A831-F97645E1068A}.Release|x86.Build.0 = Release|x86
		{659E601E-2877-481E-AEF1-492AC4FCDE57}.Debug|Any CPU.ActiveCfg = Debug|Any CPU
		{659E601E-2877-481E-AEF1-492AC4FCDE57}.Debug|Any CPU.Build.0 = Debug|Any CPU
		{659E601E-2877-481E-AEF1-492AC4FCDE57}.Debug|x64.ActiveCfg = Debug|Any CPU
		{659E601E-2877-481E-AEF1-492AC4FCDE57}.Debug|x64.Build.0 = Debug|Any CPU
		{659E601E-2877-481E-AEF1-492AC4FCDE57}.Debug|x86.ActiveCfg = Debug|x86
		{659E601E-2877-481E-AEF1-492AC4FCDE57}.Debug|x86.Build.0 = Debug|x86
		{659E601E-2877-481E-AEF1-492AC4FCDE57}.Release|Any CPU.ActiveCfg = Release|Any CPU
		{659E601E-2877-481E-AEF1-492AC4FCDE57}.Release|Any CPU.Build.0 = Release|Any CPU
		{659E601E-2877-481E-AEF1-492AC4FCDE57}.Release|x64.ActiveCfg = Release|Any CPU
		{659E601E-2877-481E-AEF1-492AC4FCDE57}.Release|x64.Build.0 = Release|Any CPU
		{659E601E-2877-481E-AEF1-492AC4FCDE57}.Release|x86.ActiveCfg = Release|x86
		{659E601E-2877-481E-AEF1-492AC4FCDE57}.Release|x86.Build.0 = Release|x86
		{2BCA4D48-0485-466E-8ED4-73D7FE7AACDC}.Debug|Any CPU.ActiveCfg = Debug|Any CPU
		{2BCA4D48-0485-466E-8ED4-73D7FE7AACDC}.Debug|Any CPU.Build.0 = Debug|Any CPU
		{2BCA4D48-0485-466E-8ED4-73D7FE7AACDC}.Debug|x64.ActiveCfg = Debug|Any CPU
		{2BCA4D48-0485-466E-8ED4-73D7FE7AACDC}.Debug|x64.Build.0 = Debug|Any CPU
		{2BCA4D48-0485-466E-8ED4-73D7FE7AACDC}.Debug|x86.ActiveCfg = Debug|x86
		{2BCA4D48-0485-466E-8ED4-73D7FE7AACDC}.Debug|x86.Build.0 = Debug|x86
		{2BCA4D48-0485-466E-8ED4-73D7FE7AACDC}.Release|Any CPU.ActiveCfg = Release|Any CPU
		{2BCA4D48-0485-466E-8ED4-73D7FE7AACDC}.Release|Any CPU.Build.0 = Release|Any CPU
		{2BCA4D48-0485-466E-8ED4-73D7FE7AACDC}.Release|x64.ActiveCfg = Release|Any CPU
		{2BCA4D48-0485-466E-8ED4-73D7FE7AACDC}.Release|x64.Build.0 = Release|Any CPU
		{2BCA4D48-0485-466E-8ED4-73D7FE7AACDC}.Release|x86.ActiveCfg = Release|x86
		{2BCA4D48-0485-466E-8ED4-73D7FE7AACDC}.Release|x86.Build.0 = Release|x86
		{15039322-897E-4AC3-83E8-FA23E4D29E4A}.Debug|Any CPU.ActiveCfg = Debug|Any CPU
		{15039322-897E-4AC3-83E8-FA23E4D29E4A}.Debug|Any CPU.Build.0 = Debug|Any CPU
		{15039322-897E-4AC3-83E8-FA23E4D29E4A}.Debug|x64.ActiveCfg = Debug|Any CPU
		{15039322-897E-4AC3-83E8-FA23E4D29E4A}.Debug|x64.Build.0 = Debug|Any CPU
		{15039322-897E-4AC3-83E8-FA23E4D29E4A}.Debug|x86.ActiveCfg = Debug|x86
		{15039322-897E-4AC3-83E8-FA23E4D29E4A}.Debug|x86.Build.0 = Debug|x86
		{15039322-897E-4AC3-83E8-FA23E4D29E4A}.Release|Any CPU.ActiveCfg = Release|Any CPU
		{15039322-897E-4AC3-83E8-FA23E4D29E4A}.Release|Any CPU.Build.0 = Release|Any CPU
		{15039322-897E-4AC3-83E8-FA23E4D29E4A}.Release|x64.ActiveCfg = Release|Any CPU
		{15039322-897E-4AC3-83E8-FA23E4D29E4A}.Release|x64.Build.0 = Release|Any CPU
		{15039322-897E-4AC3-83E8-FA23E4D29E4A}.Release|x86.ActiveCfg = Release|x86
		{15039322-897E-4AC3-83E8-FA23E4D29E4A}.Release|x86.Build.0 = Release|x86
		{9A6F3429-D5B6-44DC-B6CE-27866A78D557}.Debug|Any CPU.ActiveCfg = Debug|Any CPU
		{9A6F3429-D5B6-44DC-B6CE-27866A78D557}.Debug|Any CPU.Build.0 = Debug|Any CPU
		{9A6F3429-D5B6-44DC-B6CE-27866A78D557}.Debug|x64.ActiveCfg = Debug|Any CPU
		{9A6F3429-D5B6-44DC-B6CE-27866A78D557}.Debug|x64.Build.0 = Debug|Any CPU
		{9A6F3429-D5B6-44DC-B6CE-27866A78D557}.Debug|x86.ActiveCfg = Debug|x86
		{9A6F3429-D5B6-44DC-B6CE-27866A78D557}.Debug|x86.Build.0 = Debug|x86
		{9A6F3429-D5B6-44DC-B6CE-27866A78D557}.Release|Any CPU.ActiveCfg = Release|Any CPU
		{9A6F3429-D5B6-44DC-B6CE-27866A78D557}.Release|Any CPU.Build.0 = Release|Any CPU
		{9A6F3429-D5B6-44DC-B6CE-27866A78D557}.Release|x64.ActiveCfg = Release|Any CPU
		{9A6F3429-D5B6-44DC-B6CE-27866A78D557}.Release|x64.Build.0 = Release|Any CPU
		{9A6F3429-D5B6-44DC-B6CE-27866A78D557}.Release|x86.ActiveCfg = Release|x86
		{9A6F3429-D5B6-44DC-B6CE-27866A78D557}.Release|x86.Build.0 = Release|x86
		{6C34CCDE-F596-46F9-AD17-DD4F80F6C862}.Debug|Any CPU.ActiveCfg = Debug|Any CPU
		{6C34CCDE-F596-46F9-AD17-DD4F80F6C862}.Debug|Any CPU.Build.0 = Debug|Any CPU
		{6C34CCDE-F596-46F9-AD17-DD4F80F6C862}.Debug|x64.ActiveCfg = Debug|Any CPU
		{6C34CCDE-F596-46F9-AD17-DD4F80F6C862}.Debug|x64.Build.0 = Debug|Any CPU
		{6C34CCDE-F596-46F9-AD17-DD4F80F6C862}.Debug|x86.ActiveCfg = Debug|x86
		{6C34CCDE-F596-46F9-AD17-DD4F80F6C862}.Debug|x86.Build.0 = Debug|x86
		{6C34CCDE-F596-46F9-AD17-DD4F80F6C862}.Release|Any CPU.ActiveCfg = Release|Any CPU
		{6C34CCDE-F596-46F9-AD17-DD4F80F6C862}.Release|Any CPU.Build.0 = Release|Any CPU
		{6C34CCDE-F596-46F9-AD17-DD4F80F6C862}.Release|x64.ActiveCfg = Release|Any CPU
		{6C34CCDE-F596-46F9-AD17-DD4F80F6C862}.Release|x64.Build.0 = Release|Any CPU
		{6C34CCDE-F596-46F9-AD17-DD4F80F6C862}.Release|x86.ActiveCfg = Release|x86
		{6C34CCDE-F596-46F9-AD17-DD4F80F6C862}.Release|x86.Build.0 = Release|x86
		{AFB2D69A-41DA-49E0-8A45-596B97F2C234}.Debug|Any CPU.ActiveCfg = Debug|Any CPU
		{AFB2D69A-41DA-49E0-8A45-596B97F2C234}.Debug|Any CPU.Build.0 = Debug|Any CPU
		{AFB2D69A-41DA-49E0-8A45-596B97F2C234}.Debug|x64.ActiveCfg = Debug|Any CPU
		{AFB2D69A-41DA-49E0-8A45-596B97F2C234}.Debug|x64.Build.0 = Debug|Any CPU
		{AFB2D69A-41DA-49E0-8A45-596B97F2C234}.Debug|x86.ActiveCfg = Debug|x86
		{AFB2D69A-41DA-49E0-8A45-596B97F2C234}.Debug|x86.Build.0 = Debug|x86
		{AFB2D69A-41DA-49E0-8A45-596B97F2C234}.Release|Any CPU.ActiveCfg = Release|Any CPU
		{AFB2D69A-41DA-49E0-8A45-596B97F2C234}.Release|Any CPU.Build.0 = Release|Any CPU
		{AFB2D69A-41DA-49E0-8A45-596B97F2C234}.Release|x64.ActiveCfg = Release|Any CPU
		{AFB2D69A-41DA-49E0-8A45-596B97F2C234}.Release|x64.Build.0 = Release|Any CPU
		{AFB2D69A-41DA-49E0-8A45-596B97F2C234}.Release|x86.ActiveCfg = Release|x86
		{AFB2D69A-41DA-49E0-8A45-596B97F2C234}.Release|x86.Build.0 = Release|x86
		{D84B68C4-4DC8-4A1C-BF73-0A155B2320FA}.Debug|Any CPU.ActiveCfg = Debug|Any CPU
		{D84B68C4-4DC8-4A1C-BF73-0A155B2320FA}.Debug|Any CPU.Build.0 = Debug|Any CPU
		{D84B68C4-4DC8-4A1C-BF73-0A155B2320FA}.Debug|x64.ActiveCfg = Debug|x64
		{D84B68C4-4DC8-4A1C-BF73-0A155B2320FA}.Debug|x64.Build.0 = Debug|x64
		{D84B68C4-4DC8-4A1C-BF73-0A155B2320FA}.Debug|x86.ActiveCfg = Debug|Any CPU
		{D84B68C4-4DC8-4A1C-BF73-0A155B2320FA}.Debug|x86.Build.0 = Debug|Any CPU
		{D84B68C4-4DC8-4A1C-BF73-0A155B2320FA}.Release|Any CPU.ActiveCfg = Release|Any CPU
		{D84B68C4-4DC8-4A1C-BF73-0A155B2320FA}.Release|Any CPU.Build.0 = Release|Any CPU
		{D84B68C4-4DC8-4A1C-BF73-0A155B2320FA}.Release|x64.ActiveCfg = Release|Any CPU
		{D84B68C4-4DC8-4A1C-BF73-0A155B2320FA}.Release|x64.Build.0 = Release|Any CPU
		{D84B68C4-4DC8-4A1C-BF73-0A155B2320FA}.Release|x86.ActiveCfg = Release|Any CPU
		{D84B68C4-4DC8-4A1C-BF73-0A155B2320FA}.Release|x86.Build.0 = Release|Any CPU
		{D4359DB5-3769-4FD2-91F6-007ABE059541}.Debug|Any CPU.ActiveCfg = Debug|Any CPU
		{D4359DB5-3769-4FD2-91F6-007ABE059541}.Debug|Any CPU.Build.0 = Debug|Any CPU
		{D4359DB5-3769-4FD2-91F6-007ABE059541}.Debug|x64.ActiveCfg = Debug|Any CPU
		{D4359DB5-3769-4FD2-91F6-007ABE059541}.Debug|x64.Build.0 = Debug|Any CPU
		{D4359DB5-3769-4FD2-91F6-007ABE059541}.Debug|x86.ActiveCfg = Debug|Any CPU
		{D4359DB5-3769-4FD2-91F6-007ABE059541}.Debug|x86.Build.0 = Debug|Any CPU
		{D4359DB5-3769-4FD2-91F6-007ABE059541}.Release|Any CPU.ActiveCfg = Release|Any CPU
		{D4359DB5-3769-4FD2-91F6-007ABE059541}.Release|Any CPU.Build.0 = Release|Any CPU
		{D4359DB5-3769-4FD2-91F6-007ABE059541}.Release|x64.ActiveCfg = Release|Any CPU
		{D4359DB5-3769-4FD2-91F6-007ABE059541}.Release|x64.Build.0 = Release|Any CPU
		{D4359DB5-3769-4FD2-91F6-007ABE059541}.Release|x86.ActiveCfg = Release|Any CPU
		{D4359DB5-3769-4FD2-91F6-007ABE059541}.Release|x86.Build.0 = Release|Any CPU
		{98D97E89-70F3-4215-9DA2-615B237DCACC}.Debug|Any CPU.ActiveCfg = Debug|Any CPU
		{98D97E89-70F3-4215-9DA2-615B237DCACC}.Debug|Any CPU.Build.0 = Debug|Any CPU
		{98D97E89-70F3-4215-9DA2-615B237DCACC}.Debug|x64.ActiveCfg = Debug|x64
		{98D97E89-70F3-4215-9DA2-615B237DCACC}.Debug|x64.Build.0 = Debug|x64
		{98D97E89-70F3-4215-9DA2-615B237DCACC}.Debug|x86.ActiveCfg = Debug|Any CPU
		{98D97E89-70F3-4215-9DA2-615B237DCACC}.Debug|x86.Build.0 = Debug|Any CPU
		{98D97E89-70F3-4215-9DA2-615B237DCACC}.Release|Any CPU.ActiveCfg = Release|Any CPU
		{98D97E89-70F3-4215-9DA2-615B237DCACC}.Release|Any CPU.Build.0 = Release|Any CPU
		{98D97E89-70F3-4215-9DA2-615B237DCACC}.Release|x64.ActiveCfg = Release|x64
		{98D97E89-70F3-4215-9DA2-615B237DCACC}.Release|x64.Build.0 = Release|x64
		{98D97E89-70F3-4215-9DA2-615B237DCACC}.Release|x86.ActiveCfg = Release|Any CPU
		{98D97E89-70F3-4215-9DA2-615B237DCACC}.Release|x86.Build.0 = Release|Any CPU
		{AF0557B5-95A7-49D6-A48D-62E17D11AA90}.Debug|Any CPU.ActiveCfg = Debug|Any CPU
		{AF0557B5-95A7-49D6-A48D-62E17D11AA90}.Debug|Any CPU.Build.0 = Debug|Any CPU
		{AF0557B5-95A7-49D6-A48D-62E17D11AA90}.Debug|x64.ActiveCfg = Debug|Any CPU
		{AF0557B5-95A7-49D6-A48D-62E17D11AA90}.Debug|x64.Build.0 = Debug|Any CPU
		{AF0557B5-95A7-49D6-A48D-62E17D11AA90}.Debug|x86.ActiveCfg = Debug|Any CPU
		{AF0557B5-95A7-49D6-A48D-62E17D11AA90}.Debug|x86.Build.0 = Debug|Any CPU
		{AF0557B5-95A7-49D6-A48D-62E17D11AA90}.Release|Any CPU.ActiveCfg = Release|Any CPU
		{AF0557B5-95A7-49D6-A48D-62E17D11AA90}.Release|Any CPU.Build.0 = Release|Any CPU
		{AF0557B5-95A7-49D6-A48D-62E17D11AA90}.Release|x64.ActiveCfg = Release|Any CPU
		{AF0557B5-95A7-49D6-A48D-62E17D11AA90}.Release|x64.Build.0 = Release|Any CPU
		{AF0557B5-95A7-49D6-A48D-62E17D11AA90}.Release|x86.ActiveCfg = Release|Any CPU
		{AF0557B5-95A7-49D6-A48D-62E17D11AA90}.Release|x86.Build.0 = Release|Any CPU
		{13B91CFF-0A01-493A-B64B-0A33E742FCEE}.Debug|Any CPU.ActiveCfg = Debug|Any CPU
		{13B91CFF-0A01-493A-B64B-0A33E742FCEE}.Debug|Any CPU.Build.0 = Debug|Any CPU
		{13B91CFF-0A01-493A-B64B-0A33E742FCEE}.Debug|x64.ActiveCfg = Debug|x64
		{13B91CFF-0A01-493A-B64B-0A33E742FCEE}.Debug|x64.Build.0 = Debug|x64
		{13B91CFF-0A01-493A-B64B-0A33E742FCEE}.Debug|x86.ActiveCfg = Debug|Any CPU
		{13B91CFF-0A01-493A-B64B-0A33E742FCEE}.Debug|x86.Build.0 = Debug|Any CPU
		{13B91CFF-0A01-493A-B64B-0A33E742FCEE}.Release|Any CPU.ActiveCfg = Release|Any CPU
		{13B91CFF-0A01-493A-B64B-0A33E742FCEE}.Release|Any CPU.Build.0 = Release|Any CPU
		{13B91CFF-0A01-493A-B64B-0A33E742FCEE}.Release|x64.ActiveCfg = Release|x64
		{13B91CFF-0A01-493A-B64B-0A33E742FCEE}.Release|x64.Build.0 = Release|x64
		{13B91CFF-0A01-493A-B64B-0A33E742FCEE}.Release|x86.ActiveCfg = Release|Any CPU
		{13B91CFF-0A01-493A-B64B-0A33E742FCEE}.Release|x86.Build.0 = Release|Any CPU
		{081A1C38-D280-41A3-B167-5C90380EE260}.Debug|Any CPU.ActiveCfg = Debug|Any CPU
		{081A1C38-D280-41A3-B167-5C90380EE260}.Debug|Any CPU.Build.0 = Debug|Any CPU
		{081A1C38-D280-41A3-B167-5C90380EE260}.Debug|x64.ActiveCfg = Debug|Any CPU
		{081A1C38-D280-41A3-B167-5C90380EE260}.Debug|x64.Build.0 = Debug|Any CPU
		{081A1C38-D280-41A3-B167-5C90380EE260}.Debug|x86.ActiveCfg = Debug|Any CPU
		{081A1C38-D280-41A3-B167-5C90380EE260}.Debug|x86.Build.0 = Debug|Any CPU
		{081A1C38-D280-41A3-B167-5C90380EE260}.Release|Any CPU.ActiveCfg = Release|Any CPU
		{081A1C38-D280-41A3-B167-5C90380EE260}.Release|Any CPU.Build.0 = Release|Any CPU
		{081A1C38-D280-41A3-B167-5C90380EE260}.Release|x64.ActiveCfg = Release|Any CPU
		{081A1C38-D280-41A3-B167-5C90380EE260}.Release|x64.Build.0 = Release|Any CPU
		{081A1C38-D280-41A3-B167-5C90380EE260}.Release|x86.ActiveCfg = Release|Any CPU
		{081A1C38-D280-41A3-B167-5C90380EE260}.Release|x86.Build.0 = Release|Any CPU
		{3DC1F1AC-761A-4EC9-A799-C936F41EEC50}.Debug|Any CPU.ActiveCfg = Debug|Any CPU
		{3DC1F1AC-761A-4EC9-A799-C936F41EEC50}.Debug|Any CPU.Build.0 = Debug|Any CPU
		{3DC1F1AC-761A-4EC9-A799-C936F41EEC50}.Debug|x64.ActiveCfg = Debug|Any CPU
		{3DC1F1AC-761A-4EC9-A799-C936F41EEC50}.Debug|x64.Build.0 = Debug|Any CPU
		{3DC1F1AC-761A-4EC9-A799-C936F41EEC50}.Debug|x86.ActiveCfg = Debug|Any CPU
		{3DC1F1AC-761A-4EC9-A799-C936F41EEC50}.Debug|x86.Build.0 = Debug|Any CPU
		{3DC1F1AC-761A-4EC9-A799-C936F41EEC50}.Release|Any CPU.ActiveCfg = Release|Any CPU
		{3DC1F1AC-761A-4EC9-A799-C936F41EEC50}.Release|Any CPU.Build.0 = Release|Any CPU
		{3DC1F1AC-761A-4EC9-A799-C936F41EEC50}.Release|x64.ActiveCfg = Release|Any CPU
		{3DC1F1AC-761A-4EC9-A799-C936F41EEC50}.Release|x64.Build.0 = Release|Any CPU
		{3DC1F1AC-761A-4EC9-A799-C936F41EEC50}.Release|x86.ActiveCfg = Release|Any CPU
		{3DC1F1AC-761A-4EC9-A799-C936F41EEC50}.Release|x86.Build.0 = Release|Any CPU
		{6BD07010-4ECF-4630-9E71-1168586638E9}.Debug|Any CPU.ActiveCfg = Debug|Any CPU
		{6BD07010-4ECF-4630-9E71-1168586638E9}.Debug|Any CPU.Build.0 = Debug|Any CPU
		{6BD07010-4ECF-4630-9E71-1168586638E9}.Debug|x64.ActiveCfg = Debug|Any CPU
		{6BD07010-4ECF-4630-9E71-1168586638E9}.Debug|x64.Build.0 = Debug|Any CPU
		{6BD07010-4ECF-4630-9E71-1168586638E9}.Debug|x86.ActiveCfg = Debug|Any CPU
		{6BD07010-4ECF-4630-9E71-1168586638E9}.Debug|x86.Build.0 = Debug|Any CPU
		{6BD07010-4ECF-4630-9E71-1168586638E9}.Release|Any CPU.ActiveCfg = Release|Any CPU
		{6BD07010-4ECF-4630-9E71-1168586638E9}.Release|Any CPU.Build.0 = Release|Any CPU
		{6BD07010-4ECF-4630-9E71-1168586638E9}.Release|x64.ActiveCfg = Release|Any CPU
		{6BD07010-4ECF-4630-9E71-1168586638E9}.Release|x64.Build.0 = Release|Any CPU
		{6BD07010-4ECF-4630-9E71-1168586638E9}.Release|x86.ActiveCfg = Release|Any CPU
		{6BD07010-4ECF-4630-9E71-1168586638E9}.Release|x86.Build.0 = Release|Any CPU
		{A29B2076-2283-4899-8D4C-DE0A0AB113D2}.Debug|Any CPU.ActiveCfg = Debug|Any CPU
		{A29B2076-2283-4899-8D4C-DE0A0AB113D2}.Debug|Any CPU.Build.0 = Debug|Any CPU
		{A29B2076-2283-4899-8D4C-DE0A0AB113D2}.Debug|x64.ActiveCfg = Debug|Any CPU
		{A29B2076-2283-4899-8D4C-DE0A0AB113D2}.Debug|x64.Build.0 = Debug|Any CPU
		{A29B2076-2283-4899-8D4C-DE0A0AB113D2}.Debug|x86.ActiveCfg = Debug|Any CPU
		{A29B2076-2283-4899-8D4C-DE0A0AB113D2}.Debug|x86.Build.0 = Debug|Any CPU
		{A29B2076-2283-4899-8D4C-DE0A0AB113D2}.Release|Any CPU.ActiveCfg = Release|Any CPU
		{A29B2076-2283-4899-8D4C-DE0A0AB113D2}.Release|Any CPU.Build.0 = Release|Any CPU
		{A29B2076-2283-4899-8D4C-DE0A0AB113D2}.Release|x64.ActiveCfg = Release|Any CPU
		{A29B2076-2283-4899-8D4C-DE0A0AB113D2}.Release|x64.Build.0 = Release|Any CPU
		{A29B2076-2283-4899-8D4C-DE0A0AB113D2}.Release|x86.ActiveCfg = Release|Any CPU
		{A29B2076-2283-4899-8D4C-DE0A0AB113D2}.Release|x86.Build.0 = Release|Any CPU
	EndGlobalSection
	GlobalSection(SolutionProperties) = preSolution
		HideSolutionNode = FALSE
	EndGlobalSection
	GlobalSection(NestedProjects) = preSolution
		{647D202F-E687-4F37-90CB-9CA0D4E5D64A} = {4605F581-A9D7-4C7C-9C5D-3F57791945CA}
		{770562B7-C562-4ABE-94EE-CFC599E31033} = {647D202F-E687-4F37-90CB-9CA0D4E5D64A}
		{3D076E6D-6F68-4D52-9BC0-07C6CAA6DEE0} = {647D202F-E687-4F37-90CB-9CA0D4E5D64A}
		{A2B6D5FE-095C-4351-A831-F97645E1068A} = {647D202F-E687-4F37-90CB-9CA0D4E5D64A}
		{659E601E-2877-481E-AEF1-492AC4FCDE57} = {22891DF9-7030-41BA-A7BE-98DB5BB2A4F6}
		{2BCA4D48-0485-466E-8ED4-73D7FE7AACDC} = {647D202F-E687-4F37-90CB-9CA0D4E5D64A}
		{15039322-897E-4AC3-83E8-FA23E4D29E4A} = {647D202F-E687-4F37-90CB-9CA0D4E5D64A}
		{9A6F3429-D5B6-44DC-B6CE-27866A78D557} = {FE376B6C-06CD-46DD-B030-65F2E54427BF}
		{6C34CCDE-F596-46F9-AD17-DD4F80F6C862} = {39AB6143-405E-42D5-878D-0BF73544F329}
		{AFB2D69A-41DA-49E0-8A45-596B97F2C234} = {14B2BCEA-2AAF-4F3E-BBAF-88824008E8D5}
		{D84B68C4-4DC8-4A1C-BF73-0A155B2320FA} = {647D202F-E687-4F37-90CB-9CA0D4E5D64A}
		{94A3F205-8491-4DCE-A03A-07C775469BEE} = {4605F581-A9D7-4C7C-9C5D-3F57791945CA}
		{D4359DB5-3769-4FD2-91F6-007ABE059541} = {94A3F205-8491-4DCE-A03A-07C775469BEE}
		{98D97E89-70F3-4215-9DA2-615B237DCACC} = {14B2BCEA-2AAF-4F3E-BBAF-88824008E8D5}
		{AF0557B5-95A7-49D6-A48D-62E17D11AA90} = {14B2BCEA-2AAF-4F3E-BBAF-88824008E8D5}
		{13B91CFF-0A01-493A-B64B-0A33E742FCEE} = {14B2BCEA-2AAF-4F3E-BBAF-88824008E8D5}
		{E652BD91-A3D3-4370-ADD3-C80C7CF31BAF} = {4605F581-A9D7-4C7C-9C5D-3F57791945CA}
		{081A1C38-D280-41A3-B167-5C90380EE260} = {E652BD91-A3D3-4370-ADD3-C80C7CF31BAF}
		{3DC1F1AC-761A-4EC9-A799-C936F41EEC50} = {F4E346AA-7E8A-465A-818A-B6E0F27C3975}
		{6BD07010-4ECF-4630-9E71-1168586638E9} = {F4E346AA-7E8A-465A-818A-B6E0F27C3975}
		{A29B2076-2283-4899-8D4C-DE0A0AB113D2} = {647D202F-E687-4F37-90CB-9CA0D4E5D64A}
	EndGlobalSection
	GlobalSection(ExtensibilityGlobals) = postSolution
		SolutionGuid = {F8FD82DC-6A0F-47FD-B61B-F599CE7A287C}
	EndGlobalSection
EndGlobal
